
Microsoft Visual Studio Solution File, Format Version 12.00
# Visual Studio Version 16
VisualStudioVersion = 16.0.31105.61
MinimumVisualStudioVersion = 10.0.40219.1
Project("{9A19103F-16F7-4668-BE54-9A1E7A4F7556}") = "UrlScanner.Tests", "UrlScanner.Tests\UrlScanner.Tests.csproj", "{D905FD04-D796-4826-AB2A-2EEC3CD2BCE9}"
EndProject
Project("{9A19103F-16F7-4668-BE54-9A1E7A4F7556}") = "UrlScanner.API", "UrlScanner.API\UrlScanner.API.csproj", "{92C8CC8A-9B27-4E6B-8F6B-D7C3ED3028AD}"
EndProject
Global
	GlobalSection(SolutionConfigurationPlatforms) = preSolution
		Debug|Any CPU = Debug|Any CPU
		Release|Any CPU = Release|Any CPU
	EndGlobalSection
	GlobalSection(ProjectConfigurationPlatforms) = postSolution
		{D905FD04-D796-4826-AB2A-2EEC3CD2BCE9}.Debug|Any CPU.ActiveCfg = Debug|Any CPU
		{D905FD04-D796-4826-AB2A-2EEC3CD2BCE9}.Debug|Any CPU.Build.0 = Debug|Any CPU
		{D905FD04-D796-4826-AB2A-2EEC3CD2BCE9}.Release|Any CPU.ActiveCfg = Release|Any CPU
		{D905FD04-D796-4826-AB2A-2EEC3CD2BCE9}.Release|Any CPU.Build.0 = Release|Any CPU
		{92C8CC8A-9B27-4E6B-8F6B-D7C3ED3028AD}.Debug|Any CPU.ActiveCfg = Debug|Any CPU
		{92C8CC8A-9B27-4E6B-8F6B-D7C3ED3028AD}.Debug|Any CPU.Build.0 = Debug|Any CPU
		{92C8CC8A-9B27-4E6B-8F6B-D7C3ED3028AD}.Release|Any CPU.ActiveCfg = Release|Any CPU
		{92C8CC8A-9B27-4E6B-8F6B-D7C3ED3028AD}.Release|Any CPU.Build.0 = Release|Any CPU
	EndGlobalSection
	GlobalSection(SolutionProperties) = preSolution
		HideSolutionNode = FALSE
	EndGlobalSection
	GlobalSection(ExtensibilityGlobals) = postSolution
		SolutionGuid = {D6618BF9-DF08-46AB-8FB5-F34567F43342}
	EndGlobalSection
EndGlobal
